// !$*UTF8*$!
{
	archiveVersion = 1;
	classes = {
	};
	objectVersion = 46;
	objects = {

/* Begin PBXBuildFile section */
		3BA264C21D1352BE00FC00A0 /* DetailViewController.swift in Sources */ = {isa = PBXBuildFile; fileRef = 3BA264C11D1352BE00FC00A0 /* DetailViewController.swift */; };
		3BC6B0D11D149C2F0018E9A0 /* TabBarController.swift in Sources */ = {isa = PBXBuildFile; fileRef = 3BC6B0D01D149C2F0018E9A0 /* TabBarController.swift */; };
		3BC6B0D31D14A3B40018E9A0 /* HomeViewController.swift in Sources */ = {isa = PBXBuildFile; fileRef = 3BC6B0D21D14A3B40018E9A0 /* HomeViewController.swift */; };
		3BC6B0D51D14A3C60018E9A0 /* TopRatedViewController.swift in Sources */ = {isa = PBXBuildFile; fileRef = 3BC6B0D41D14A3C60018E9A0 /* TopRatedViewController.swift */; };
		3BED71241D11F0CF00BDAA55 /* AppDelegate.swift in Sources */ = {isa = PBXBuildFile; fileRef = 3BED71231D11F0CF00BDAA55 /* AppDelegate.swift */; };
		3BED71291D11F0CF00BDAA55 /* Main.storyboard in Resources */ = {isa = PBXBuildFile; fileRef = 3BED71271D11F0CF00BDAA55 /* Main.storyboard */; };
		3BED712B1D11F0CF00BDAA55 /* Assets.xcassets in Resources */ = {isa = PBXBuildFile; fileRef = 3BED712A1D11F0CF00BDAA55 /* Assets.xcassets */; };
		3BED712E1D11F0CF00BDAA55 /* LaunchScreen.storyboard in Resources */ = {isa = PBXBuildFile; fileRef = 3BED712C1D11F0CF00BDAA55 /* LaunchScreen.storyboard */; };
		3BED71391D11F0CF00BDAA55 /* flixTests.swift in Sources */ = {isa = PBXBuildFile; fileRef = 3BED71381D11F0CF00BDAA55 /* flixTests.swift */; };
		3BED71441D11F0CF00BDAA55 /* flixUITests.swift in Sources */ = {isa = PBXBuildFile; fileRef = 3BED71431D11F0CF00BDAA55 /* flixUITests.swift */; };
		3BED71521D11F77A00BDAA55 /* MoviesViewController.swift in Sources */ = {isa = PBXBuildFile; fileRef = 3BED71511D11F77A00BDAA55 /* MoviesViewController.swift */; };
		3BED71551D12113A00BDAA55 /* MovieCell.swift in Sources */ = {isa = PBXBuildFile; fileRef = 3BED71541D12113A00BDAA55 /* MovieCell.swift */; };
		EB6C61823AEB976B956F66E8 /* Pods_flix.framework in Frameworks */ = {isa = PBXBuildFile; fileRef = 6BD30E54DA2BF45696A2BBDA /* Pods_flix.framework */; };
/* End PBXBuildFile section */

/* Begin PBXContainerItemProxy section */
		3BED71351D11F0CF00BDAA55 /* PBXContainerItemProxy */ = {
			isa = PBXContainerItemProxy;
			containerPortal = 3BED71181D11F0CF00BDAA55 /* Project object */;
			proxyType = 1;
			remoteGlobalIDString = 3BED711F1D11F0CF00BDAA55;
			remoteInfo = flix;
		};
		3BED71401D11F0CF00BDAA55 /* PBXContainerItemProxy */ = {
			isa = PBXContainerItemProxy;
			containerPortal = 3BED71181D11F0CF00BDAA55 /* Project object */;
			proxyType = 1;
			remoteGlobalIDString = 3BED711F1D11F0CF00BDAA55;
			remoteInfo = flix;
		};
/* End PBXContainerItemProxy section */

/* Begin PBXFileReference section */
		3BA264C11D1352BE00FC00A0 /* DetailViewController.swift */ = {isa = PBXFileReference; fileEncoding = 4; lastKnownFileType = sourcecode.swift; path = DetailViewController.swift; sourceTree = "<group>"; };
		3BC6B0D01D149C2F0018E9A0 /* TabBarController.swift */ = {isa = PBXFileReference; fileEncoding = 4; lastKnownFileType = sourcecode.swift; path = TabBarController.swift; sourceTree = "<group>"; };
		3BC6B0D21D14A3B40018E9A0 /* HomeViewController.swift */ = {isa = PBXFileReference; fileEncoding = 4; lastKnownFileType = sourcecode.swift; path = HomeViewController.swift; sourceTree = "<group>"; };
		3BC6B0D41D14A3C60018E9A0 /* TopRatedViewController.swift */ = {isa = PBXFileReference; fileEncoding = 4; lastKnownFileType = sourcecode.swift; path = TopRatedViewController.swift; sourceTree = "<group>"; };
		3BED71201D11F0CF00BDAA55 /* flix.app */ = {isa = PBXFileReference; explicitFileType = wrapper.application; includeInIndex = 0; path = flix.app; sourceTree = BUILT_PRODUCTS_DIR; };
		3BED71231D11F0CF00BDAA55 /* AppDelegate.swift */ = {isa = PBXFileReference; lastKnownFileType = sourcecode.swift; path = AppDelegate.swift; sourceTree = "<group>"; };
		3BED71281D11F0CF00BDAA55 /* Base */ = {isa = PBXFileReference; lastKnownFileType = file.storyboard; name = Base; path = Base.lproj/Main.storyboard; sourceTree = "<group>"; };
		3BED712A1D11F0CF00BDAA55 /* Assets.xcassets */ = {isa = PBXFileReference; lastKnownFileType = folder.assetcatalog; path = Assets.xcassets; sourceTree = "<group>"; };
		3BED712D1D11F0CF00BDAA55 /* Base */ = {isa = PBXFileReference; lastKnownFileType = file.storyboard; name = Base; path = Base.lproj/LaunchScreen.storyboard; sourceTree = "<group>"; };
		3BED712F1D11F0CF00BDAA55 /* Info.plist */ = {isa = PBXFileReference; lastKnownFileType = text.plist.xml; path = Info.plist; sourceTree = "<group>"; };
		3BED71341D11F0CF00BDAA55 /* flixTests.xctest */ = {isa = PBXFileReference; explicitFileType = wrapper.cfbundle; includeInIndex = 0; path = flixTests.xctest; sourceTree = BUILT_PRODUCTS_DIR; };
		3BED71381D11F0CF00BDAA55 /* flixTests.swift */ = {isa = PBXFileReference; lastKnownFileType = sourcecode.swift; path = flixTests.swift; sourceTree = "<group>"; };
		3BED713A1D11F0CF00BDAA55 /* Info.plist */ = {isa = PBXFileReference; lastKnownFileType = text.plist.xml; path = Info.plist; sourceTree = "<group>"; };
		3BED713F1D11F0CF00BDAA55 /* flixUITests.xctest */ = {isa = PBXFileReference; explicitFileType = wrapper.cfbundle; includeInIndex = 0; path = flixUITests.xctest; sourceTree = BUILT_PRODUCTS_DIR; };
		3BED71431D11F0CF00BDAA55 /* flixUITests.swift */ = {isa = PBXFileReference; lastKnownFileType = sourcecode.swift; path = flixUITests.swift; sourceTree = "<group>"; };
		3BED71451D11F0CF00BDAA55 /* Info.plist */ = {isa = PBXFileReference; lastKnownFileType = text.plist.xml; path = Info.plist; sourceTree = "<group>"; };
		3BED71511D11F77A00BDAA55 /* MoviesViewController.swift */ = {isa = PBXFileReference; fileEncoding = 4; lastKnownFileType = sourcecode.swift; path = MoviesViewController.swift; sourceTree = "<group>"; };
		3BED71541D12113A00BDAA55 /* MovieCell.swift */ = {isa = PBXFileReference; fileEncoding = 4; lastKnownFileType = sourcecode.swift; path = MovieCell.swift; sourceTree = "<group>"; };
		49D3FE271BD910293E55B876 /* Pods-flix.release.xcconfig */ = {isa = PBXFileReference; includeInIndex = 1; lastKnownFileType = text.xcconfig; name = "Pods-flix.release.xcconfig"; path = "Pods/Target Support Files/Pods-flix/Pods-flix.release.xcconfig"; sourceTree = "<group>"; };
		6BD30E54DA2BF45696A2BBDA /* Pods_flix.framework */ = {isa = PBXFileReference; explicitFileType = wrapper.framework; includeInIndex = 0; path = Pods_flix.framework; sourceTree = BUILT_PRODUCTS_DIR; };
		B3C40C60C6F0E0D1B2AEA1E9 /* Pods-flix.debug.xcconfig */ = {isa = PBXFileReference; includeInIndex = 1; lastKnownFileType = text.xcconfig; name = "Pods-flix.debug.xcconfig"; path = "Pods/Target Support Files/Pods-flix/Pods-flix.debug.xcconfig"; sourceTree = "<group>"; };
		BF6D64EDD852BE335A95E072 /* Pods_flixUITests.framework */ = {isa = PBXFileReference; explicitFileType = wrapper.framework; includeInIndex = 0; path = Pods_flixUITests.framework; sourceTree = BUILT_PRODUCTS_DIR; };
		DC7EB1F537358DE1DD11DC5B /* Pods_flixTests.framework */ = {isa = PBXFileReference; explicitFileType = wrapper.framework; includeInIndex = 0; path = Pods_flixTests.framework; sourceTree = BUILT_PRODUCTS_DIR; };
/* End PBXFileReference section */

/* Begin PBXFrameworksBuildPhase section */
		3BED711D1D11F0CF00BDAA55 /* Frameworks */ = {
			isa = PBXFrameworksBuildPhase;
			buildActionMask = 2147483647;
			files = (
				EB6C61823AEB976B956F66E8 /* Pods_flix.framework in Frameworks */,
			);
			runOnlyForDeploymentPostprocessing = 0;
		};
		3BED71311D11F0CF00BDAA55 /* Frameworks */ = {
			isa = PBXFrameworksBuildPhase;
			buildActionMask = 2147483647;
			files = (
			);
			runOnlyForDeploymentPostprocessing = 0;
		};
		3BED713C1D11F0CF00BDAA55 /* Frameworks */ = {
			isa = PBXFrameworksBuildPhase;
			buildActionMask = 2147483647;
			files = (
			);
			runOnlyForDeploymentPostprocessing = 0;
		};
/* End PBXFrameworksBuildPhase section */

/* Begin PBXGroup section */
		08746B96119A20A695985B8A /* Frameworks */ = {
			isa = PBXGroup;
			children = (
				6BD30E54DA2BF45696A2BBDA /* Pods_flix.framework */,
				DC7EB1F537358DE1DD11DC5B /* Pods_flixTests.framework */,
				BF6D64EDD852BE335A95E072 /* Pods_flixUITests.framework */,
			);
			name = Frameworks;
			sourceTree = "<group>";
		};
		0C64C65BAEB890516E1D4449 /* Pods */ = {
			isa = PBXGroup;
			children = (
				B3C40C60C6F0E0D1B2AEA1E9 /* Pods-flix.debug.xcconfig */,
				49D3FE271BD910293E55B876 /* Pods-flix.release.xcconfig */,
			);
			name = Pods;
			sourceTree = "<group>";
		};
		3BED71171D11F0CF00BDAA55 = {
			isa = PBXGroup;
			children = (
				3BED71221D11F0CF00BDAA55 /* flix */,
				3BED71371D11F0CF00BDAA55 /* flixTests */,
				3BED71421D11F0CF00BDAA55 /* flixUITests */,
				3BED71211D11F0CF00BDAA55 /* Products */,
				0C64C65BAEB890516E1D4449 /* Pods */,
				08746B96119A20A695985B8A /* Frameworks */,
			);
			sourceTree = "<group>";
		};
		3BED71211D11F0CF00BDAA55 /* Products */ = {
			isa = PBXGroup;
			children = (
				3BED71201D11F0CF00BDAA55 /* flix.app */,
				3BED71341D11F0CF00BDAA55 /* flixTests.xctest */,
				3BED713F1D11F0CF00BDAA55 /* flixUITests.xctest */,
			);
			name = Products;
			sourceTree = "<group>";
		};
		3BED71221D11F0CF00BDAA55 /* flix */ = {
			isa = PBXGroup;
			children = (
				3BED71561D12116100BDAA55 /* View Controller */,
				3BED71531D1210D500BDAA55 /* Views */,
				3BED71231D11F0CF00BDAA55 /* AppDelegate.swift */,
				3BED71271D11F0CF00BDAA55 /* Main.storyboard */,
				3BED712A1D11F0CF00BDAA55 /* Assets.xcassets */,
				3BED712C1D11F0CF00BDAA55 /* LaunchScreen.storyboard */,
				3BED712F1D11F0CF00BDAA55 /* Info.plist */,
			);
			path = flix;
			sourceTree = "<group>";
		};
		3BED71371D11F0CF00BDAA55 /* flixTests */ = {
			isa = PBXGroup;
			children = (
				3BED71381D11F0CF00BDAA55 /* flixTests.swift */,
				3BED713A1D11F0CF00BDAA55 /* Info.plist */,
			);
			path = flixTests;
			sourceTree = "<group>";
		};
		3BED71421D11F0CF00BDAA55 /* flixUITests */ = {
			isa = PBXGroup;
			children = (
				3BED71431D11F0CF00BDAA55 /* flixUITests.swift */,
				3BED71451D11F0CF00BDAA55 /* Info.plist */,
			);
			path = flixUITests;
			sourceTree = "<group>";
		};
		3BED71531D1210D500BDAA55 /* Views */ = {
			isa = PBXGroup;
			children = (
				3BED71541D12113A00BDAA55 /* MovieCell.swift */,
			);
			name = Views;
			sourceTree = "<group>";
		};
		3BED71561D12116100BDAA55 /* View Controller */ = {
			isa = PBXGroup;
			children = (
				3BED71511D11F77A00BDAA55 /* MoviesViewController.swift */,
				3BA264C11D1352BE00FC00A0 /* DetailViewController.swift */,
				3BC6B0D01D149C2F0018E9A0 /* TabBarController.swift */,
				3BC6B0D21D14A3B40018E9A0 /* HomeViewController.swift */,
				3BC6B0D41D14A3C60018E9A0 /* TopRatedViewController.swift */,
			);
			name = "View Controller";
			sourceTree = "<group>";
		};
/* End PBXGroup section */

/* Begin PBXNativeTarget section */
		3BED711F1D11F0CF00BDAA55 /* flix */ = {
			isa = PBXNativeTarget;
			buildConfigurationList = 3BED71481D11F0CF00BDAA55 /* Build configuration list for PBXNativeTarget "flix" */;
			buildPhases = (
				68D0C2AA806DF7A40BDEB8C8 /* [CP] Check Pods Manifest.lock */,
				3BED711C1D11F0CF00BDAA55 /* Sources */,
				3BED711D1D11F0CF00BDAA55 /* Frameworks */,
				3BED711E1D11F0CF00BDAA55 /* Resources */,
				7D0DF22A96643CE8B7CB0F01 /* [CP] Embed Pods Frameworks */,
				675B4640148EA11A7CD60AA1 /* [CP] Copy Pods Resources */,
			);
			buildRules = (
			);
			dependencies = (
			);
			name = flix;
			productName = flix;
			productReference = 3BED71201D11F0CF00BDAA55 /* flix.app */;
			productType = "com.apple.product-type.application";
		};
		3BED71331D11F0CF00BDAA55 /* flixTests */ = {
			isa = PBXNativeTarget;
			buildConfigurationList = 3BED714B1D11F0CF00BDAA55 /* Build configuration list for PBXNativeTarget "flixTests" */;
			buildPhases = (
				6EA40053430625895F907C6C /* [CP] Check Pods Manifest.lock */,
				3BED71301D11F0CF00BDAA55 /* Sources */,
				3BED71311D11F0CF00BDAA55 /* Frameworks */,
				3BED71321D11F0CF00BDAA55 /* Resources */,
				8C14367244E986455C8CD6CD /* [CP] Embed Pods Frameworks */,
				F545157F7E1AA7FA421BA8C7 /* [CP] Copy Pods Resources */,
			);
			buildRules = (
			);
			dependencies = (
				3BED71361D11F0CF00BDAA55 /* PBXTargetDependency */,
			);
			name = flixTests;
			productName = flixTests;
			productReference = 3BED71341D11F0CF00BDAA55 /* flixTests.xctest */;
			productType = "com.apple.product-type.bundle.unit-test";
		};
		3BED713E1D11F0CF00BDAA55 /* flixUITests */ = {
			isa = PBXNativeTarget;
			buildConfigurationList = 3BED714E1D11F0CF00BDAA55 /* Build configuration list for PBXNativeTarget "flixUITests" */;
			buildPhases = (
				0B6F598FC6B0051386F48D56 /* [CP] Check Pods Manifest.lock */,
				3BED713B1D11F0CF00BDAA55 /* Sources */,
				3BED713C1D11F0CF00BDAA55 /* Frameworks */,
				3BED713D1D11F0CF00BDAA55 /* Resources */,
				68B50ADBE04460BF0ED29F6C /* [CP] Copy Pods Resources */,
			);
			buildRules = (
			);
			dependencies = (
				3BED71411D11F0CF00BDAA55 /* PBXTargetDependency */,
			);
			name = flixUITests;
			productName = flixUITests;
			productReference = 3BED713F1D11F0CF00BDAA55 /* flixUITests.xctest */;
			productType = "com.apple.product-type.bundle.ui-testing";
		};
/* End PBXNativeTarget section */

/* Begin PBXProject section */
		3BED71181D11F0CF00BDAA55 /* Project object */ = {
			isa = PBXProject;
			attributes = {
				LastSwiftUpdateCheck = 0730;
				LastUpgradeCheck = 0730;
				ORGANIZATIONNAME = "Stephanie Angulo";
				TargetAttributes = {
					3BED711F1D11F0CF00BDAA55 = {
						CreatedOnToolsVersion = 7.3.1;
						DevelopmentTeam = MSDKGG6G29;
					};
					3BED71331D11F0CF00BDAA55 = {
						CreatedOnToolsVersion = 7.3.1;
						TestTargetID = 3BED711F1D11F0CF00BDAA55;
					};
					3BED713E1D11F0CF00BDAA55 = {
						CreatedOnToolsVersion = 7.3.1;
						TestTargetID = 3BED711F1D11F0CF00BDAA55;
					};
				};
			};
			buildConfigurationList = 3BED711B1D11F0CF00BDAA55 /* Build configuration list for PBXProject "flix" */;
			compatibilityVersion = "Xcode 3.2";
			developmentRegion = English;
			hasScannedForEncodings = 0;
			knownRegions = (
				en,
				Base,
			);
			mainGroup = 3BED71171D11F0CF00BDAA55;
			productRefGroup = 3BED71211D11F0CF00BDAA55 /* Products */;
			projectDirPath = "";
			projectRoot = "";
			targets = (
				3BED711F1D11F0CF00BDAA55 /* flix */,
				3BED71331D11F0CF00BDAA55 /* flixTests */,
				3BED713E1D11F0CF00BDAA55 /* flixUITests */,
			);
		};
/* End PBXProject section */

/* Begin PBXResourcesBuildPhase section */
		3BED711E1D11F0CF00BDAA55 /* Resources */ = {
			isa = PBXResourcesBuildPhase;
			buildActionMask = 2147483647;
			files = (
				3BED712E1D11F0CF00BDAA55 /* LaunchScreen.storyboard in Resources */,
				3BED712B1D11F0CF00BDAA55 /* Assets.xcassets in Resources */,
				3BED71291D11F0CF00BDAA55 /* Main.storyboard in Resources */,
			);
			runOnlyForDeploymentPostprocessing = 0;
		};
		3BED71321D11F0CF00BDAA55 /* Resources */ = {
			isa = PBXResourcesBuildPhase;
			buildActionMask = 2147483647;
			files = (
			);
			runOnlyForDeploymentPostprocessing = 0;
		};
		3BED713D1D11F0CF00BDAA55 /* Resources */ = {
			isa = PBXResourcesBuildPhase;
			buildActionMask = 2147483647;
			files = (
			);
			runOnlyForDeploymentPostprocessing = 0;
		};
/* End PBXResourcesBuildPhase section */

/* Begin PBXShellScriptBuildPhase section */
		0B6F598FC6B0051386F48D56 /* [CP] Check Pods Manifest.lock */ = {
			isa = PBXShellScriptBuildPhase;
			buildActionMask = 2147483647;
			files = (
			);
			inputPaths = (
			);
			name = "[CP] Check Pods Manifest.lock";
			outputPaths = (
			);
			runOnlyForDeploymentPostprocessing = 0;
			shellPath = /bin/sh;
			shellScript = "diff \"${PODS_ROOT}/../Podfile.lock\" \"${PODS_ROOT}/Manifest.lock\" > /dev/null\nif [[ $? != 0 ]] ; then\n    cat << EOM\nerror: The sandbox is not in sync with the Podfile.lock. Run 'pod install' or update your CocoaPods installation.\nEOM\n    exit 1\nfi\n";
			showEnvVarsInLog = 0;
		};
		675B4640148EA11A7CD60AA1 /* [CP] Copy Pods Resources */ = {
			isa = PBXShellScriptBuildPhase;
			buildActionMask = 2147483647;
			files = (
			);
			inputPaths = (
			);
			name = "[CP] Copy Pods Resources";
			outputPaths = (
			);
			runOnlyForDeploymentPostprocessing = 0;
			shellPath = /bin/sh;
			shellScript = "\"${SRCROOT}/Pods/Target Support Files/Pods-flix/Pods-flix-resources.sh\"\n";
			showEnvVarsInLog = 0;
		};
		68B50ADBE04460BF0ED29F6C /* [CP] Copy Pods Resources */ = {
			isa = PBXShellScriptBuildPhase;
			buildActionMask = 2147483647;
			files = (
			);
			inputPaths = (
			);
			name = "[CP] Copy Pods Resources";
			outputPaths = (
			);
			runOnlyForDeploymentPostprocessing = 0;
			shellPath = /bin/sh;
			shellScript = "\"${SRCROOT}/Pods/Target Support Files/Pods-flixUITests/Pods-flixUITests-resources.sh\"\n";
			showEnvVarsInLog = 0;
		};
		68D0C2AA806DF7A40BDEB8C8 /* [CP] Check Pods Manifest.lock */ = {
			isa = PBXShellScriptBuildPhase;
			buildActionMask = 2147483647;
			files = (
			);
			inputPaths = (
			);
			name = "[CP] Check Pods Manifest.lock";
			outputPaths = (
			);
			runOnlyForDeploymentPostprocessing = 0;
			shellPath = /bin/sh;
			shellScript = "diff \"${PODS_ROOT}/../Podfile.lock\" \"${PODS_ROOT}/Manifest.lock\" > /dev/null\nif [[ $? != 0 ]] ; then\n    cat << EOM\nerror: The sandbox is not in sync with the Podfile.lock. Run 'pod install' or update your CocoaPods installation.\nEOM\n    exit 1\nfi\n";
			showEnvVarsInLog = 0;
		};
		6EA40053430625895F907C6C /* [CP] Check Pods Manifest.lock */ = {
			isa = PBXShellScriptBuildPhase;
			buildActionMask = 2147483647;
			files = (
			);
			inputPaths = (
			);
			name = "[CP] Check Pods Manifest.lock";
			outputPaths = (
			);
			runOnlyForDeploymentPostprocessing = 0;
			shellPath = /bin/sh;
			shellScript = "diff \"${PODS_ROOT}/../Podfile.lock\" \"${PODS_ROOT}/Manifest.lock\" > /dev/null\nif [[ $? != 0 ]] ; then\n    cat << EOM\nerror: The sandbox is not in sync with the Podfile.lock. Run 'pod install' or update your CocoaPods installation.\nEOM\n    exit 1\nfi\n";
			showEnvVarsInLog = 0;
		};
		7D0DF22A96643CE8B7CB0F01 /* [CP] Embed Pods Frameworks */ = {
			isa = PBXShellScriptBuildPhase;
			buildActionMask = 2147483647;
			files = (
			);
			inputPaths = (
			);
			name = "[CP] Embed Pods Frameworks";
			outputPaths = (
			);
			runOnlyForDeploymentPostprocessing = 0;
			shellPath = /bin/sh;
			shellScript = "\"${SRCROOT}/Pods/Target Support Files/Pods-flix/Pods-flix-frameworks.sh\"\n";
			showEnvVarsInLog = 0;
		};
		8C14367244E986455C8CD6CD /* [CP] Embed Pods Frameworks */ = {
			isa = PBXShellScriptBuildPhase;
			buildActionMask = 2147483647;
			files = (
			);
			inputPaths = (
			);
			name = "[CP] Embed Pods Frameworks";
			outputPaths = (
			);
			runOnlyForDeploymentPostprocessing = 0;
			shellPath = /bin/sh;
			shellScript = "\"${SRCROOT}/Pods/Target Support Files/Pods-flixTests/Pods-flixTests-frameworks.sh\"\n";
			showEnvVarsInLog = 0;
		};
		F545157F7E1AA7FA421BA8C7 /* [CP] Copy Pods Resources */ = {
			isa = PBXShellScriptBuildPhase;
			buildActionMask = 2147483647;
			files = (
			);
			inputPaths = (
			);
			name = "[CP] Copy Pods Resources";
			outputPaths = (
			);
			runOnlyForDeploymentPostprocessing = 0;
			shellPath = /bin/sh;
			shellScript = "\"${SRCROOT}/Pods/Target Support Files/Pods-flixTests/Pods-flixTests-resources.sh\"\n";
			showEnvVarsInLog = 0;
		};
/* End PBXShellScriptBuildPhase section */

/* Begin PBXSourcesBuildPhase section */
		3BED711C1D11F0CF00BDAA55 /* Sources */ = {
			isa = PBXSourcesBuildPhase;
			buildActionMask = 2147483647;
			files = (
				3BED71241D11F0CF00BDAA55 /* AppDelegate.swift in Sources */,
				3BC6B0D51D14A3C60018E9A0 /* TopRatedViewController.swift in Sources */,
				3BED71521D11F77A00BDAA55 /* MoviesViewController.swift in Sources */,
				3BED71551D12113A00BDAA55 /* MovieCell.swift in Sources */,
				3BC6B0D11D149C2F0018E9A0 /* TabBarController.swift in Sources */,
				3BA264C21D1352BE00FC00A0 /* DetailViewController.swift in Sources */,
				3BC6B0D31D14A3B40018E9A0 /* HomeViewController.swift in Sources */,
			);
			runOnlyForDeploymentPostprocessing = 0;
		};
		3BED71301D11F0CF00BDAA55 /* Sources */ = {
			isa = PBXSourcesBuildPhase;
			buildActionMask = 2147483647;
			files = (
				3BED71391D11F0CF00BDAA55 /* flixTests.swift in Sources */,
			);
			runOnlyForDeploymentPostprocessing = 0;
		};
		3BED713B1D11F0CF00BDAA55 /* Sources */ = {
			isa = PBXSourcesBuildPhase;
			buildActionMask = 2147483647;
			files = (
				3BED71441D11F0CF00BDAA55 /* flixUITests.swift in Sources */,
			);
			runOnlyForDeploymentPostprocessing = 0;
		};
/* End PBXSourcesBuildPhase section */

/* Begin PBXTargetDependency section */
		3BED71361D11F0CF00BDAA55 /* PBXTargetDependency */ = {
			isa = PBXTargetDependency;
			target = 3BED711F1D11F0CF00BDAA55 /* flix */;
			targetProxy = 3BED71351D11F0CF00BDAA55 /* PBXContainerItemProxy */;
		};
		3BED71411D11F0CF00BDAA55 /* PBXTargetDependency */ = {
			isa = PBXTargetDependency;
			target = 3BED711F1D11F0CF00BDAA55 /* flix */;
			targetProxy = 3BED71401D11F0CF00BDAA55 /* PBXContainerItemProxy */;
		};
/* End PBXTargetDependency section */

/* Begin PBXVariantGroup section */
		3BED71271D11F0CF00BDAA55 /* Main.storyboard */ = {
			isa = PBXVariantGroup;
			children = (
				3BED71281D11F0CF00BDAA55 /* Base */,
			);
			name = Main.storyboard;
			sourceTree = "<group>";
		};
		3BED712C1D11F0CF00BDAA55 /* LaunchScreen.storyboard */ = {
			isa = PBXVariantGroup;
			children = (
				3BED712D1D11F0CF00BDAA55 /* Base */,
			);
			name = LaunchScreen.storyboard;
			sourceTree = "<group>";
		};
/* End PBXVariantGroup section */

/* Begin XCBuildConfiguration section */
		3BED71461D11F0CF00BDAA55 /* Debug */ = {
			isa = XCBuildConfiguration;
			buildSettings = {
				ALWAYS_SEARCH_USER_PATHS = NO;
				CLANG_ANALYZER_NONNULL = YES;
				CLANG_CXX_LANGUAGE_STANDARD = "gnu++0x";
				CLANG_CXX_LIBRARY = "libc++";
				CLANG_ENABLE_MODULES = YES;
				CLANG_ENABLE_OBJC_ARC = YES;
				CLANG_WARN_BOOL_CONVERSION = YES;
				CLANG_WARN_CONSTANT_CONVERSION = YES;
				CLANG_WARN_DIRECT_OBJC_ISA_USAGE = YES_ERROR;
				CLANG_WARN_EMPTY_BODY = YES;
				CLANG_WARN_ENUM_CONVERSION = YES;
				CLANG_WARN_INT_CONVERSION = YES;
				CLANG_WARN_OBJC_ROOT_CLASS = YES_ERROR;
				CLANG_WARN_UNREACHABLE_CODE = YES;
				CLANG_WARN__DUPLICATE_METHOD_MATCH = YES;
				"CODE_SIGN_IDENTITY[sdk=iphoneos*]" = "iPhone Developer";
				COPY_PHASE_STRIP = NO;
				DEBUG_INFORMATION_FORMAT = dwarf;
				ENABLE_STRICT_OBJC_MSGSEND = YES;
				ENABLE_TESTABILITY = YES;
				GCC_C_LANGUAGE_STANDARD = gnu99;
				GCC_DYNAMIC_NO_PIC = NO;
				GCC_NO_COMMON_BLOCKS = YES;
				GCC_OPTIMIZATION_LEVEL = 0;
				GCC_PREPROCESSOR_DEFINITIONS = (
					"DEBUG=1",
					"$(inherited)",
				);
				GCC_WARN_64_TO_32_BIT_CONVERSION = YES;
				GCC_WARN_ABOUT_RETURN_TYPE = YES_ERROR;
				GCC_WARN_UNDECLARED_SELECTOR = YES;
				GCC_WARN_UNINITIALIZED_AUTOS = YES_AGGRESSIVE;
				GCC_WARN_UNUSED_FUNCTION = YES;
				GCC_WARN_UNUSED_VARIABLE = YES;
				IPHONEOS_DEPLOYMENT_TARGET = 9.3;
				MTL_ENABLE_DEBUG_INFO = YES;
				ONLY_ACTIVE_ARCH = YES;
				SDKROOT = iphoneos;
				SWIFT_OPTIMIZATION_LEVEL = "-Onone";
			};
			name = Debug;
		};
		3BED71471D11F0CF00BDAA55 /* Release */ = {
			isa = XCBuildConfiguration;
			buildSettings = {
				ALWAYS_SEARCH_USER_PATHS = NO;
				CLANG_ANALYZER_NONNULL = YES;
				CLANG_CXX_LANGUAGE_STANDARD = "gnu++0x";
				CLANG_CXX_LIBRARY = "libc++";
				CLANG_ENABLE_MODULES = YES;
				CLANG_ENABLE_OBJC_ARC = YES;
				CLANG_WARN_BOOL_CONVERSION = YES;
				CLANG_WARN_CONSTANT_CONVERSION = YES;
				CLANG_WARN_DIRECT_OBJC_ISA_USAGE = YES_ERROR;
				CLANG_WARN_EMPTY_BODY = YES;
				CLANG_WARN_ENUM_CONVERSION = YES;
				CLANG_WARN_INT_CONVERSION = YES;
				CLANG_WARN_OBJC_ROOT_CLASS = YES_ERROR;
				CLANG_WARN_UNREACHABLE_CODE = YES;
				CLANG_WARN__DUPLICATE_METHOD_MATCH = YES;
				"CODE_SIGN_IDENTITY[sdk=iphoneos*]" = "iPhone Developer";
				COPY_PHASE_STRIP = NO;
				DEBUG_INFORMATION_FORMAT = "dwarf-with-dsym";
				ENABLE_NS_ASSERTIONS = NO;
				ENABLE_STRICT_OBJC_MSGSEND = YES;
				GCC_C_LANGUAGE_STANDARD = gnu99;
				GCC_NO_COMMON_BLOCKS = YES;
				GCC_WARN_64_TO_32_BIT_CONVERSION = YES;
				GCC_WARN_ABOUT_RETURN_TYPE = YES_ERROR;
				GCC_WARN_UNDECLARED_SELECTOR = YES;
				GCC_WARN_UNINITIALIZED_AUTOS = YES_AGGRESSIVE;
				GCC_WARN_UNUSED_FUNCTION = YES;
				GCC_WARN_UNUSED_VARIABLE = YES;
				IPHONEOS_DEPLOYMENT_TARGET = 9.3;
				MTL_ENABLE_DEBUG_INFO = NO;
				SDKROOT = iphoneos;
				VALIDATE_PRODUCT = YES;
			};
			name = Release;
		};
		3BED71491D11F0CF00BDAA55 /* Debug */ = {
			isa = XCBuildConfiguration;
			baseConfigurationReference = B3C40C60C6F0E0D1B2AEA1E9 /* Pods-flix.debug.xcconfig */;
			buildSettings = {
				ASSETCATALOG_COMPILER_APPICON_NAME = AppIcon;
				CODE_SIGN_IDENTITY = "iPhone Developer";
				"CODE_SIGN_IDENTITY[sdk=iphoneos*]" = "iPhone Developer";
				INFOPLIST_FILE = flix/Info.plist;
				LD_RUNPATH_SEARCH_PATHS = "$(inherited) @executable_path/Frameworks";
				PRODUCT_BUNDLE_IDENTIFIER = com.codePath.flix;
				PRODUCT_NAME = "$(TARGET_NAME)";
				PROVISIONING_PROFILE = "";
			};
			name = Debug;
		};
		3BED714A1D11F0CF00BDAA55 /* Release */ = {
			isa = XCBuildConfiguration;
			baseConfigurationReference = 49D3FE271BD910293E55B876 /* Pods-flix.release.xcconfig */;
			buildSettings = {
				ASSETCATALOG_COMPILER_APPICON_NAME = AppIcon;
				CODE_SIGN_IDENTITY = "iPhone Developer";
				"CODE_SIGN_IDENTITY[sdk=iphoneos*]" = "iPhone Developer";
				INFOPLIST_FILE = flix/Info.plist;
				LD_RUNPATH_SEARCH_PATHS = "$(inherited) @executable_path/Frameworks";
				PRODUCT_BUNDLE_IDENTIFIER = com.codePath.flix;
				PRODUCT_NAME = "$(TARGET_NAME)";
				PROVISIONING_PROFILE = "";
			};
			name = Release;
		};
		3BED714C1D11F0CF00BDAA55 /* Debug */ = {
			isa = XCBuildConfiguration;
			buildSettings = {
				BUNDLE_LOADER = "$(TEST_HOST)";
				INFOPLIST_FILE = flixTests/Info.plist;
				LD_RUNPATH_SEARCH_PATHS = "$(inherited) @executable_path/Frameworks @loader_path/Frameworks";
				PRODUCT_BUNDLE_IDENTIFIER = com.codePath.flixTests;
				PRODUCT_NAME = "$(TARGET_NAME)";
				TEST_HOST = "$(BUILT_PRODUCTS_DIR)/flix.app/flix";
			};
			name = Debug;
		};
		3BED714D1D11F0CF00BDAA55 /* Release */ = {
			isa = XCBuildConfiguration;
			buildSettings = {
				BUNDLE_LOADER = "$(TEST_HOST)";
				INFOPLIST_FILE = flixTests/Info.plist;
				LD_RUNPATH_SEARCH_PATHS = "$(inherited) @executable_path/Frameworks @loader_path/Frameworks";
				PRODUCT_BUNDLE_IDENTIFIER = com.codePath.flixTests;
				PRODUCT_NAME = "$(TARGET_NAME)";
				TEST_HOST = "$(BUILT_PRODUCTS_DIR)/flix.app/flix";
			};
			name = Release;
		};
		3BED714F1D11F0CF00BDAA55 /* Debug */ = {
			isa = XCBuildConfiguration;
			buildSettings = {
				INFOPLIST_FILE = flixUITests/Info.plist;
				LD_RUNPATH_SEARCH_PATHS = "$(inherited) @executable_path/Frameworks @loader_path/Frameworks";
				PRODUCT_BUNDLE_IDENTIFIER = com.codePath.flixUITests;
				PRODUCT_NAME = "$(TARGET_NAME)";
				TEST_TARGET_NAME = flix;
			};
			name = Debug;
		};
		3BED71501D11F0CF00BDAA55 /* Release */ = {
			isa = XCBuildConfiguration;
			buildSettings = {
				INFOPLIST_FILE = flixUITests/Info.plist;
				LD_RUNPATH_SEARCH_PATHS = "$(inherited) @executable_path/Frameworks @loader_path/Frameworks";
				PRODUCT_BUNDLE_IDENTIFIER = com.codePath.flixUITests;
				PRODUCT_NAME = "$(TARGET_NAME)";
				TEST_TARGET_NAME = flix;
			};
			name = Release;
		};
/* End XCBuildConfiguration section */

/* Begin XCConfigurationList section */
		3BED711B1D11F0CF00BDAA55 /* Build configuration list for PBXProject "flix" */ = {
			isa = XCConfigurationList;
			buildConfigurations = (
				3BED71461D11F0CF00BDAA55 /* Debug */,
				3BED71471D11F0CF00BDAA55 /* Release */,
			);
			defaultConfigurationIsVisible = 0;
			defaultConfigurationName = Release;
		};
		3BED71481D11F0CF00BDAA55 /* Build configuration list for PBXNativeTarget "flix" */ = {
			isa = XCConfigurationList;
			buildConfigurations = (
				3BED71491D11F0CF00BDAA55 /* Debug */,
				3BED714A1D11F0CF00BDAA55 /* Release */,
			);
			defaultConfigurationIsVisible = 0;
			defaultConfigurationName = Release;
		};
		3BED714B1D11F0CF00BDAA55 /* Build configuration list for PBXNativeTarget "flixTests" */ = {
			isa = XCConfigurationList;
			buildConfigurations = (
				3BED714C1D11F0CF00BDAA55 /* Debug */,
				3BED714D1D11F0CF00BDAA55 /* Release */,
			);
			defaultConfigurationIsVisible = 0;
			defaultConfigurationName = Release;
		};
		3BED714E1D11F0CF00BDAA55 /* Build configuration list for PBXNativeTarget "flixUITests" */ = {
			isa = XCConfigurationList;
			buildConfigurations = (
				3BED714F1D11F0CF00BDAA55 /* Debug */,
				3BED71501D11F0CF00BDAA55 /* Release */,
			);
			defaultConfigurationIsVisible = 0;
			defaultConfigurationName = Release;
		};
/* End XCConfigurationList section */
	};
	rootObject = 3BED71181D11F0CF00BDAA55 /* Project object */;
}
